// !$*UTF8*$!
{
	archiveVersion = 1;
	classes = {
	};
	objectVersion = 48;
	objects = {

/* Begin PBXBuildFile section */
		600F1A781F99738200596139 /* AppDelegate.swift in Sources */ = {isa = PBXBuildFile; fileRef = 600F1A771F99738200596139 /* AppDelegate.swift */; };
		600F1A7A1F99738200596139 /* ViewController.swift in Sources */ = {isa = PBXBuildFile; fileRef = 600F1A791F99738200596139 /* ViewController.swift */; };
		600F1A7D1F99738200596139 /* Main.storyboard in Resources */ = {isa = PBXBuildFile; fileRef = 600F1A7B1F99738200596139 /* Main.storyboard */; };
		600F1A7F1F99738200596139 /* Assets.xcassets in Resources */ = {isa = PBXBuildFile; fileRef = 600F1A7E1F99738200596139 /* Assets.xcassets */; };
		600F1A821F99738200596139 /* LaunchScreen.storyboard in Resources */ = {isa = PBXBuildFile; fileRef = 600F1A801F99738200596139 /* LaunchScreen.storyboard */; };
		64F49E15D43EA11B989AFE85 /* Pods_InClass06App.framework in Frameworks */ = {isa = PBXBuildFile; fileRef = 509BE5BA85139D4C65A1AC36 /* Pods_InClass06App.framework */; };
/* End PBXBuildFile section */

/* Begin PBXFileReference section */
		509BE5BA85139D4C65A1AC36 /* Pods_InClass06App.framework */ = {isa = PBXFileReference; explicitFileType = wrapper.framework; includeInIndex = 0; path = Pods_InClass06App.framework; sourceTree = BUILT_PRODUCTS_DIR; };
		600F1A741F99738200596139 /* InClass06App.app */ = {isa = PBXFileReference; explicitFileType = wrapper.application; includeInIndex = 0; path = InClass06App.app; sourceTree = BUILT_PRODUCTS_DIR; };
		600F1A771F99738200596139 /* AppDelegate.swift */ = {isa = PBXFileReference; lastKnownFileType = sourcecode.swift; path = AppDelegate.swift; sourceTree = "<group>"; };
		600F1A791F99738200596139 /* ViewController.swift */ = {isa = PBXFileReference; lastKnownFileType = sourcecode.swift; path = ViewController.swift; sourceTree = "<group>"; };
		600F1A7C1F99738200596139 /* Base */ = {isa = PBXFileReference; lastKnownFileType = file.storyboard; name = Base; path = Base.lproj/Main.storyboard; sourceTree = "<group>"; };
		600F1A7E1F99738200596139 /* Assets.xcassets */ = {isa = PBXFileReference; lastKnownFileType = folder.assetcatalog; path = Assets.xcassets; sourceTree = "<group>"; };
		600F1A811F99738200596139 /* Base */ = {isa = PBXFileReference; lastKnownFileType = file.storyboard; name = Base; path = Base.lproj/LaunchScreen.storyboard; sourceTree = "<group>"; };
		600F1A831F99738200596139 /* Info.plist */ = {isa = PBXFileReference; lastKnownFileType = text.plist.xml; path = Info.plist; sourceTree = "<group>"; };
		9543C029AA4954664168D6E4 /* Pods-InClass06App.release.xcconfig */ = {isa = PBXFileReference; includeInIndex = 1; lastKnownFileType = text.xcconfig; name = "Pods-InClass06App.release.xcconfig"; path = "Pods/Target Support Files/Pods-InClass06App/Pods-InClass06App.release.xcconfig"; sourceTree = "<group>"; };
		F02FA1BC00C3EAEC5F40AE01 /* Pods-InClass06App.debug.xcconfig */ = {isa = PBXFileReference; includeInIndex = 1; lastKnownFileType = text.xcconfig; name = "Pods-InClass06App.debug.xcconfig"; path = "Pods/Target Support Files/Pods-InClass06App/Pods-InClass06App.debug.xcconfig"; sourceTree = "<group>"; };
/* End PBXFileReference section */

/* Begin PBXFrameworksBuildPhase section */
		600F1A711F99738200596139 /* Frameworks */ = {
			isa = PBXFrameworksBuildPhase;
			buildActionMask = 2147483647;
			files = (
				64F49E15D43EA11B989AFE85 /* Pods_InClass06App.framework in Frameworks */,
			);
			runOnlyForDeploymentPostprocessing = 0;
		};
/* End PBXFrameworksBuildPhase section */

/* Begin PBXGroup section */
		5AAE8B1B4FBE852F074680B6 /* Frameworks */ = {
			isa = PBXGroup;
			children = (
				509BE5BA85139D4C65A1AC36 /* Pods_InClass06App.framework */,
			);
			name = Frameworks;
			sourceTree = "<group>";
		};
		600F1A6B1F99738200596139 = {
			isa = PBXGroup;
			children = (
				600F1A761F99738200596139 /* InClass06App */,
				600F1A751F99738200596139 /* Products */,
				B9E5C4F4550BA7ADB3DDFC07 /* Pods */,
				5AAE8B1B4FBE852F074680B6 /* Frameworks */,
			);
			sourceTree = "<group>";
		};
		600F1A751F99738200596139 /* Products */ = {
			isa = PBXGroup;
			children = (
				600F1A741F99738200596139 /* InClass06App.app */,
			);
			name = Products;
			sourceTree = "<group>";
		};
		600F1A761F99738200596139 /* InClass06App */ = {
			isa = PBXGroup;
			children = (
				600F1A771F99738200596139 /* AppDelegate.swift */,
				600F1A791F99738200596139 /* ViewController.swift */,
				600F1A7B1F99738200596139 /* Main.storyboard */,
				600F1A7E1F99738200596139 /* Assets.xcassets */,
				600F1A801F99738200596139 /* LaunchScreen.storyboard */,
				600F1A831F99738200596139 /* Info.plist */,
			);
			path = InClass06App;
			sourceTree = "<group>";
		};
		B9E5C4F4550BA7ADB3DDFC07 /* Pods */ = {
			isa = PBXGroup;
			children = (
				F02FA1BC00C3EAEC5F40AE01 /* Pods-InClass06App.debug.xcconfig */,
				9543C029AA4954664168D6E4 /* Pods-InClass06App.release.xcconfig */,
			);
			name = Pods;
			sourceTree = "<group>";
		};
/* End PBXGroup section */

/* Begin PBXNativeTarget section */
		600F1A731F99738200596139 /* InClass06App */ = {
			isa = PBXNativeTarget;
			buildConfigurationList = 600F1A861F99738200596139 /* Build configuration list for PBXNativeTarget "InClass06App" */;
			buildPhases = (
				1E23DF7DB848566C79F21D44 /* [CP] Check Pods Manifest.lock */,
				600F1A701F99738200596139 /* Sources */,
				600F1A711F99738200596139 /* Frameworks */,
				600F1A721F99738200596139 /* Resources */,
				D4D18CEED6C828EFADB9FA29 /* [CP] Embed Pods Frameworks */,
				18F7801353BC87B60E95E12B /* [CP] Copy Pods Resources */,
			);
			buildRules = (
			);
			dependencies = (
			);
			name = InClass06App;
			productName = InClass06App;
			productReference = 600F1A741F99738200596139 /* InClass06App.app */;
			productType = "com.apple.product-type.application";
		};
/* End PBXNativeTarget section */

/* Begin PBXProject section */
		600F1A6C1F99738200596139 /* Project object */ = {
			isa = PBXProject;
			attributes = {
				LastSwiftUpdateCheck = 0900;
				LastUpgradeCheck = 0900;
				ORGANIZATIONNAME = Example;
				TargetAttributes = {
					600F1A731F99738200596139 = {
						CreatedOnToolsVersion = 9.0.1;
						ProvisioningStyle = Automatic;
					};
				};
			};
			buildConfigurationList = 600F1A6F1F99738200596139 /* Build configuration list for PBXProject "InClass06App" */;
			compatibilityVersion = "Xcode 8.0";
			developmentRegion = en;
			hasScannedForEncodings = 0;
			knownRegions = (
				en,
				Base,
			);
			mainGroup = 600F1A6B1F99738200596139;
			productRefGroup = 600F1A751F99738200596139 /* Products */;
			projectDirPath = "";
			projectRoot = "";
			targets = (
				600F1A731F99738200596139 /* InClass06App */,
			);
		};
/* End PBXProject section */

/* Begin PBXResourcesBuildPhase section */
		600F1A721F99738200596139 /* Resources */ = {
			isa = PBXResourcesBuildPhase;
			buildActionMask = 2147483647;
			files = (
				600F1A821F99738200596139 /* LaunchScreen.storyboard in Resources */,
				600F1A7F1F99738200596139 /* Assets.xcassets in Resources */,
				600F1A7D1F99738200596139 /* Main.storyboard in Resources */,
			);
			runOnlyForDeploymentPostprocessing = 0;
		};
/* End PBXResourcesBuildPhase section */

/* Begin PBXShellScriptBuildPhase section */
		18F7801353BC87B60E95E12B /* [CP] Copy Pods Resources */ = {
			isa = PBXShellScriptBuildPhase;
			buildActionMask = 2147483647;
			files = (
			);
			inputPaths = (
			);
			name = "[CP] Copy Pods Resources";
			outputPaths = (
			);
			runOnlyForDeploymentPostprocessing = 0;
			shellPath = /bin/sh;
			shellScript = "\"${SRCROOT}/Pods/Target Support Files/Pods-InClass06App/Pods-InClass06App-resources.sh\"\n";
			showEnvVarsInLog = 0;
		};
		1E23DF7DB848566C79F21D44 /* [CP] Check Pods Manifest.lock */ = {
			isa = PBXShellScriptBuildPhase;
			buildActionMask = 2147483647;
			files = (
			);
			inputPaths = (
				"${PODS_PODFILE_DIR_PATH}/Podfile.lock",
				"${PODS_ROOT}/Manifest.lock",
			);
			name = "[CP] Check Pods Manifest.lock";
			outputPaths = (
				"$(DERIVED_FILE_DIR)/Pods-InClass06App-checkManifestLockResult.txt",
			);
			runOnlyForDeploymentPostprocessing = 0;
			shellPath = /bin/sh;
			shellScript = "diff \"${PODS_PODFILE_DIR_PATH}/Podfile.lock\" \"${PODS_ROOT}/Manifest.lock\" > /dev/null\nif [ $? != 0 ] ; then\n    # print error to STDERR\n    echo \"error: The sandbox is not in sync with the Podfile.lock. Run 'pod install' or update your CocoaPods installation.\" >&2\n    exit 1\nfi\n# This output is used by Xcode 'outputs' to avoid re-running this script phase.\necho \"SUCCESS\" > \"${SCRIPT_OUTPUT_FILE_0}\"\n";
			showEnvVarsInLog = 0;
		};
		D4D18CEED6C828EFADB9FA29 /* [CP] Embed Pods Frameworks */ = {
			isa = PBXShellScriptBuildPhase;
			buildActionMask = 2147483647;
			files = (
			);
			inputPaths = (
				"${SRCROOT}/Pods/Target Support Files/Pods-InClass06App/Pods-InClass06App-frameworks.sh",
				"${BUILT_PRODUCTS_DIR}/GTMSessionFetcher/GTMSessionFetcher.framework",
				"${BUILT_PRODUCTS_DIR}/GoogleToolboxForMac/GoogleToolboxForMac.framework",
				"${BUILT_PRODUCTS_DIR}/leveldb-library/leveldb.framework",
				"${BUILT_PRODUCTS_DIR}/nanopb/nanopb.framework",
			);
			name = "[CP] Embed Pods Frameworks";
			outputPaths = (
				"${TARGET_BUILD_DIR}/${FRAMEWORKS_FOLDER_PATH}/GTMSessionFetcher.framework",
				"${TARGET_BUILD_DIR}/${FRAMEWORKS_FOLDER_PATH}/GoogleToolboxForMac.framework",
				"${TARGET_BUILD_DIR}/${FRAMEWORKS_FOLDER_PATH}/leveldb.framework",
				"${TARGET_BUILD_DIR}/${FRAMEWORKS_FOLDER_PATH}/nanopb.framework",
			);
			runOnlyForDeploymentPostprocessing = 0;
			shellPath = /bin/sh;
			shellScript = "\"${SRCROOT}/Pods/Target Support Files/Pods-InClass06App/Pods-InClass06App-frameworks.sh\"\n";
			showEnvVarsInLog = 0;
		};
/* End PBXShellScriptBuildPhase section */

/* Begin PBXSourcesBuildPhase section */
		600F1A701F99738200596139 /* Sources */ = {
			isa = PBXSourcesBuildPhase;
			buildActionMask = 2147483647;
			files = (
				600F1A7A1F99738200596139 /* ViewController.swift in Sources */,
				600F1A781F99738200596139 /* AppDelegate.swift in Sources */,
			);
			runOnlyForDeploymentPostprocessing = 0;
		};
/* End PBXSourcesBuildPhase section */

/* Begin PBXVariantGroup section */
		600F1A7B1F99738200596139 /* Main.storyboard */ = {
			isa = PBXVariantGroup;
			children = (
				600F1A7C1F99738200596139 /* Base */,
			);
			name = Main.storyboard;
			sourceTree = "<group>";
		};
		600F1A801F99738200596139 /* LaunchScreen.storyboard */ = {
			isa = PBXVariantGroup;
			children = (
				600F1A811F99738200596139 /* Base */,
			);
			name = LaunchScreen.storyboard;
			sourceTree = "<group>";
		};
/* End PBXVariantGroup section */

/* Begin XCBuildConfiguration section */
		600F1A841F99738200596139 /* Debug */ = {
			isa = XCBuildConfiguration;
			buildSettings = {
				ALWAYS_SEARCH_USER_PATHS = NO;
				CLANG_ANALYZER_NONNULL = YES;
				CLANG_ANALYZER_NUMBER_OBJECT_CONVERSION = YES_AGGRESSIVE;
				CLANG_CXX_LANGUAGE_STANDARD = "gnu++14";
				CLANG_CXX_LIBRARY = "libc++";
				CLANG_ENABLE_MODULES = YES;
				CLANG_ENABLE_OBJC_ARC = YES;
				CLANG_WARN_BLOCK_CAPTURE_AUTORELEASING = YES;
				CLANG_WARN_BOOL_CONVERSION = YES;
				CLANG_WARN_COMMA = YES;
				CLANG_WARN_CONSTANT_CONVERSION = YES;
				CLANG_WARN_DIRECT_OBJC_ISA_USAGE = YES_ERROR;
				CLANG_WARN_DOCUMENTATION_COMMENTS = YES;
				CLANG_WARN_EMPTY_BODY = YES;
				CLANG_WARN_ENUM_CONVERSION = YES;
				CLANG_WARN_INFINITE_RECURSION = YES;
				CLANG_WARN_INT_CONVERSION = YES;
				CLANG_WARN_NON_LITERAL_NULL_CONVERSION = YES;
				CLANG_WARN_OBJC_LITERAL_CONVERSION = YES;
				CLANG_WARN_OBJC_ROOT_CLASS = YES_ERROR;
				CLANG_WARN_RANGE_LOOP_ANALYSIS = YES;
				CLANG_WARN_STRICT_PROTOTYPES = YES;
				CLANG_WARN_SUSPICIOUS_MOVE = YES;
				CLANG_WARN_UNGUARDED_AVAILABILITY = YES_AGGRESSIVE;
				CLANG_WARN_UNREACHABLE_CODE = YES;
				CLANG_WARN__DUPLICATE_METHOD_MATCH = YES;
				CODE_SIGN_IDENTITY = "iPhone Developer";
				COPY_PHASE_STRIP = NO;
				DEBUG_INFORMATION_FORMAT = dwarf;
				ENABLE_STRICT_OBJC_MSGSEND = YES;
				ENABLE_TESTABILITY = YES;
				GCC_C_LANGUAGE_STANDARD = gnu11;
				GCC_DYNAMIC_NO_PIC = NO;
				GCC_NO_COMMON_BLOCKS = YES;
				GCC_OPTIMIZATION_LEVEL = 0;
				GCC_PREPROCESSOR_DEFINITIONS = (
					"DEBUG=1",
					"$(inherited)",
				);
				GCC_WARN_64_TO_32_BIT_CONVERSION = YES;
				GCC_WARN_ABOUT_RETURN_TYPE = YES_ERROR;
				GCC_WARN_UNDECLARED_SELECTOR = YES;
				GCC_WARN_UNINITIALIZED_AUTOS = YES_AGGRESSIVE;
				GCC_WARN_UNUSED_FUNCTION = YES;
				GCC_WARN_UNUSED_VARIABLE = YES;
				IPHONEOS_DEPLOYMENT_TARGET = 11.0;
				MTL_ENABLE_DEBUG_INFO = YES;
				ONLY_ACTIVE_ARCH = YES;
				SDKROOT = iphoneos;
				SWIFT_ACTIVE_COMPILATION_CONDITIONS = DEBUG;
				SWIFT_OPTIMIZATION_LEVEL = "-Onone";
			};
			name = Debug;
		};
		600F1A851F99738200596139 /* Release */ = {
			isa = XCBuildConfiguration;
			buildSettings = {
				ALWAYS_SEARCH_USER_PATHS = NO;
				CLANG_ANALYZER_NONNULL = YES;
				CLANG_ANALYZER_NUMBER_OBJECT_CONVERSION = YES_AGGRESSIVE;
				CLANG_CXX_LANGUAGE_STANDARD = "gnu++14";
				CLANG_CXX_LIBRARY = "libc++";
				CLANG_ENABLE_MODULES = YES;
				CLANG_ENABLE_OBJC_ARC = YES;
				CLANG_WARN_BLOCK_CAPTURE_AUTORELEASING = YES;
				CLANG_WARN_BOOL_CONVERSION = YES;
				CLANG_WARN_COMMA = YES;
				CLANG_WARN_CONSTANT_CONVERSION = YES;
				CLANG_WARN_DIRECT_OBJC_ISA_USAGE = YES_ERROR;
				CLANG_WARN_DOCUMENTATION_COMMENTS = YES;
				CLANG_WARN_EMPTY_BODY = YES;
				CLANG_WARN_ENUM_CONVERSION = YES;
				CLANG_WARN_INFINITE_RECURSION = YES;
				CLANG_WARN_INT_CONVERSION = YES;
				CLANG_WARN_NON_LITERAL_NULL_CONVERSION = YES;
				CLANG_WARN_OBJC_LITERAL_CONVERSION = YES;
				CLANG_WARN_OBJC_ROOT_CLASS = YES_ERROR;
				CLANG_WARN_RANGE_LOOP_ANALYSIS = YES;
				CLANG_WARN_STRICT_PROTOTYPES = YES;
				CLANG_WARN_SUSPICIOUS_MOVE = YES;
				CLANG_WARN_UNGUARDED_AVAILABILITY = YES_AGGRESSIVE;
				CLANG_WARN_UNREACHABLE_CODE = YES;
				CLANG_WARN__DUPLICATE_METHOD_MATCH = YES;
				CODE_SIGN_IDENTITY = "iPhone Developer";
				COPY_PHASE_STRIP = NO;
				DEBUG_INFORMATION_FORMAT = "dwarf-with-dsym";
				ENABLE_NS_ASSERTIONS = NO;
				ENABLE_STRICT_OBJC_MSGSEND = YES;
				GCC_C_LANGUAGE_STANDARD = gnu11;
				GCC_NO_COMMON_BLOCKS = YES;
				GCC_WARN_64_TO_32_BIT_CONVERSION = YES;
				GCC_WARN_ABOUT_RETURN_TYPE = YES_ERROR;
				GCC_WARN_UNDECLARED_SELECTOR = YES;
				GCC_WARN_UNINITIALIZED_AUTOS = YES_AGGRESSIVE;
				GCC_WARN_UNUSED_FUNCTION = YES;
				GCC_WARN_UNUSED_VARIABLE = YES;
				IPHONEOS_DEPLOYMENT_TARGET = 11.0;
				MTL_ENABLE_DEBUG_INFO = NO;
				SDKROOT = iphoneos;
				SWIFT_OPTIMIZATION_LEVEL = "-Owholemodule";
				VALIDATE_PRODUCT = YES;
			};
			name = Release;
		};
		600F1A871F99738200596139 /* Debug */ = {
			isa = XCBuildConfiguration;
			baseConfigurationReference = F02FA1BC00C3EAEC5F40AE01 /* Pods-InClass06App.debug.xcconfig */;
			buildSettings = {
				ASSETCATALOG_COMPILER_APPICON_NAME = AppIcon;
				CODE_SIGN_STYLE = Automatic;
				INFOPLIST_FILE = InClass06App/Info.plist;
				LD_RUNPATH_SEARCH_PATHS = "$(inherited) @executable_path/Frameworks";
				PRODUCT_BUNDLE_IDENTIFIER = com.example.InClass06App;
				PRODUCT_NAME = "$(TARGET_NAME)";
				SWIFT_VERSION = 4.0;
				TARGETED_DEVICE_FAMILY = "1,2";
			};
			name = Debug;
		};
		600F1A881F99738200596139 /* Release */ = {
			isa = XCBuildConfiguration;
			baseConfigurationReference = 9543C029AA4954664168D6E4 /* Pods-InClass06App.release.xcconfig */;
			buildSettings = {
				ASSETCATALOG_COMPILER_APPICON_NAME = AppIcon;
				CODE_SIGN_STYLE = Automatic;
				INFOPLIST_FILE = InClass06App/Info.plist;
				LD_RUNPATH_SEARCH_PATHS = "$(inherited) @executable_path/Frameworks";
				PRODUCT_BUNDLE_IDENTIFIER = com.example.InClass06App;
				PRODUCT_NAME = "$(TARGET_NAME)";
				SWIFT_VERSION = 4.0;
				TARGETED_DEVICE_FAMILY = "1,2";
			};
			name = Release;
		};
/* End XCBuildConfiguration section */

/* Begin XCConfigurationList section */
		600F1A6F1F99738200596139 /* Build configuration list for PBXProject "InClass06App" */ = {
			isa = XCConfigurationList;
			buildConfigurations = (
				600F1A841F99738200596139 /* Debug */,
				600F1A851F99738200596139 /* Release */,
			);
			defaultConfigurationIsVisible = 0;
			defaultConfigurationName = Release;
		};
		600F1A861F99738200596139 /* Build configuration list for PBXNativeTarget "InClass06App" */ = {
			isa = XCConfigurationList;
			buildConfigurations = (
				600F1A871F99738200596139 /* Debug */,
				600F1A881F99738200596139 /* Release */,
			);
			defaultConfigurationIsVisible = 0;
			defaultConfigurationName = Release;
		};
/* End XCConfigurationList section */
	};
	rootObject = 600F1A6C1F99738200596139 /* Project object */;
}
